# THIS IS AN AUTOGENERATED FILE. DO NOT EDIT THIS FILE DIRECTLY.
assets/bootstrap.min.js:
  development: 2018-08-18T18:16:18+12:00   6b2ba34ddca91817246610a27a7c2032
assets/gift-card.scss.liquid:
  development: 2018-08-16T13:01:31+12:00   8f8c1fc8e0b00be539e9be6b7df8f8b6
assets/jquery-2.2.3.min.js:
  development: 2018-08-16T13:01:32+12:00   33cabfa15c1060aaa3d207c653afb1ee
assets/jquery-ui.min.js:
  development: 2018-08-17T13:33:37+12:00   c15b1008dec3c8967ea657a7bb4baaec
assets/lazysizes.min.js:
  development: 2018-08-16T13:01:32+12:00   830660aaaf0a60b712ad5c32482ee689
assets/no-image.svg:
  development: 2018-08-16T13:01:32+12:00   17eb9b00d6ee66aae9f9ae57508e5a88
assets/preloader.gif:
  development: 2018-08-16T13:01:32+12:00   4b47e5482edc6ac1b1adec65c7c0051c
assets/theme.js:
  development: 2018-08-18T20:16:26+12:00   9855041d2180c5b02566fe9b8451009d
assets/theme.scss.liquid:
  development: 2018-08-18T19:20:00+12:00   5ca0cbd39bfaff1eecefb679bc65b3cf
assets/vendor.js:
  development: 2018-08-18T19:32:46+12:00   7d037dff203eed4c6b5cef69275838c9
config/settings_data.json:
  development: 2018-08-16T13:01:35+12:00   efb04eeba91b156ff615eb1f057dd365
config/settings_schema.json:
  development: 2018-08-16T13:01:35+12:00   c28158735d6fb8dcf89e3f084155bb6a
layout/password.liquid:
  development: 2018-08-16T13:01:32+12:00   202fbabda9f10ab238d749c74c85f083
layout/theme.liquid:
  development: 2018-08-18T18:45:15+12:00   a380af49c77a5d5a18d7f505286d335f
locales/de.json:
  development: 2018-08-16T13:01:33+12:00   8eb0504805ff39e5e172e0bab08da631
locales/en.default.json:
  development: 2018-08-16T21:54:28+12:00   0ec8dd79bc7d693141bd416655101462
locales/es.json:
  development: 2018-08-16T13:01:33+12:00   221a3fac061162283842df497ca82a1b
locales/fr.json:
  development: 2018-08-16T13:01:33+12:00   af3053244d5d7a46968d55e0ae809cce
locales/it.json:
  development: 2018-08-16T13:01:33+12:00   ac3875f9065911510c722cec2c5e8b4f
locales/ja.json:
  development: 2018-08-16T13:01:33+12:00   f0f384fbe05bccd5dc2923d1863a1019
locales/pt-BR.json:
  development: 2018-08-16T13:01:33+12:00   670bc423b521815a159c48565bfd0c52
locales/pt-PT.json:
  development: 2018-08-16T13:01:33+12:00   ce858d58f7a5e9449b395c8e49841867
sections/article-template.liquid:
  development: 2018-08-16T13:01:29+12:00   20f5a4604065986dd186a6daddf24f53
sections/cart-template.liquid:
  development: 2018-08-16T13:01:30+12:00   6dbdcca3f9d1bb6059d8afe32e44f1e3
sections/client-list.liquid:
  development: 2018-08-16T13:01:30+12:00   8f1030f182c2e833e737668983e00420
sections/collection-template.liquid:
  development: 2018-08-16T13:01:30+12:00   7fe42c38fc7bd47777360d5759fcaaa6
sections/faq.liquid:
  development: 2018-08-16T13:01:30+12:00   7170148f233e0a444cff571c57b7d863
sections/feature-collection.liquid:
  development: 2018-08-16T13:01:30+12:00   94009d326c941d244448650916ffbc1d
sections/feature-columns.liquid:
  development: 2018-08-16T13:01:30+12:00   b8e8252c33a7187ec1ce8db9888d24b0
sections/feature-rows.liquid:
  development: 2018-08-16T13:01:30+12:00   97d2140bca676b5fc6c521a04103f5f7
sections/featured-blog.liquid:
  development: 2018-08-16T13:01:30+12:00   2e3bdeeb8fb0fb4effbed134e471cd87
sections/featured-content.liquid:
  development: 2018-08-16T13:01:30+12:00   475688ef186471b5b6578b6bc9e8c32b
sections/footer.liquid:
  development: 2018-08-16T13:01:30+12:00   96f0c5f72affc9a5cd230d22328a2e5e
sections/header.liquid:
  development: 2018-08-16T13:01:30+12:00   f296681a192f73dd0567b48842891729
sections/home-product.liquid:
  development: 2018-08-16T13:01:30+12:00   a213301237f2fb38a4cbbae5decb07ae
sections/kickstarter.liquid:
  development: 2018-08-16T13:01:30+12:00   71516c6b84beee36ede1050d2eeca35d
sections/list-collection-template.liquid:
  development: 2018-08-16T13:01:30+12:00   ff78352241d4b0127ffee39188a17cfd
sections/map.liquid:
  development: 2018-08-16T13:01:30+12:00   771ef68b8f2744251187788e9fb5f1b5
sections/newsletter.liquid:
  development: 2018-08-16T13:01:31+12:00   ab8a61a0009ef2609efb8a69a2a24886
sections/order-form.liquid:
  development: 2018-08-18T18:21:06+12:00   65161f78ea111e3235b3ee580c9943a4
sections/password-content.liquid:
  development: 2018-08-16T13:01:31+12:00   0c8da256866907f3231036c32696eb7c
sections/password-header.liquid:
  development: 2018-08-16T13:01:31+12:00   5c115e0ccfcf53f5bfb26162231c2945
sections/product-template-has-options.liquid:
  development: 2018-08-17T05:59:42+12:00   b86f879adaebda7f79163b8cf398c3f7
sections/product-template.liquid:
  development: 2018-08-18T17:45:08+12:00   693c3a6e4b5773d77d4cf024678c13bd
sections/rich-text.liquid:
  development: 2018-08-16T13:01:31+12:00   b84969b8d31aaaf9bfae075c623ace5f
sections/search-template.liquid:
  development: 2018-08-16T13:01:31+12:00   3bdc562b36b621724ee9dd55c8a610b0
sections/slideshow.liquid:
  development: 2018-08-16T13:01:31+12:00   37671f29e9bc46ca3faf6c07ab6b0f0d
sections/video.liquid:
  development: 2018-08-16T13:01:31+12:00   885a3481dba1b731c164b201f434a28a
snippets/asset_svg.liquid:
  development: 2018-08-16T13:01:33+12:00   680b4dd2be1980756ed100389c2b77b1
snippets/bgset.liquid:
  development: 2018-08-16T13:01:33+12:00   e7ca6a4953c6209c770bc737136479b3
snippets/blog_item.liquid:
  development: 2018-08-16T13:01:33+12:00   e309d35126893946f6bd7be931f86eea
snippets/blog_meta.liquid:
  development: 2018-08-16T13:01:33+12:00   f51f4d05c31ea789ae847a5c0ba2b068
snippets/collection-grid-item.liquid:
  development: 2018-08-16T13:01:33+12:00   25496dab25c335b162e4ec1e0eb3e95f
snippets/footer_social-icons.liquid:
  development: 2018-08-16T13:01:33+12:00   1ca7e466418588fe84c5cc4456f1365f
snippets/json_cleanup.liquid:
  development: 2018-08-17T13:55:17+12:00   487faf65d735754225cc8a5731326683
snippets/newsletter.liquid:
  development: 2018-08-16T13:01:33+12:00   ec407dbba63b5feef0bc78ab18854af0
snippets/page_header.liquid:
  development: 2018-08-18T17:44:24+12:00   79e0603d77ee4d39686c8fa05c98ce16
snippets/page_pagination.liquid:
  development: 2018-08-16T13:01:34+12:00   d57dee2a6c7e6438fb39b1aae356c2ea
snippets/page_share.liquid:
  development: 2018-08-16T13:01:34+12:00   192a4f7aa34471e4edeed083c7e5e1d7
snippets/product-grid-item.liquid:
  development: 2018-08-18T19:53:58+12:00   5959ad18ffbd3428a6290076a1abd9ab
snippets/quickadd.liquid:
  development: 2018-08-18T17:36:32+12:00
snippets/social-meta-tags.liquid:
  development: 2018-08-16T13:01:34+12:00   ae9e213401623b2601abf0ace8e21537
templates/404.liquid:
  development: 2018-08-16T13:01:34+12:00   40fdef9320d5248382baeae29d513ccc
templates/article.liquid:
  development: 2018-08-16T13:01:34+12:00   08563437ca9c95766c220339923d2899
templates/blog.liquid:
  development: 2018-08-16T13:01:34+12:00   98c744c6589da229d282ec4a2c656845
templates/cart.liquid:
  development: 2018-08-16T13:01:34+12:00   6ae9a93dfc1f81048a78ee67ca6b04c6
templates/collection.liquid:
  development: 2018-08-16T13:01:34+12:00   f1cfa9fa0a88084d19c50ea943759817
templates/customers/account.liquid:
  development: 2018-08-16T13:01:34+12:00   fbeba90c6986bcffc4a49cbef79343de
templates/customers/activate_account.liquid:
  development: 2018-08-16T13:01:34+12:00   2936bafdc16667951b03ee4a9eebc101
templates/customers/addresses.liquid:
  development: 2018-08-16T13:01:34+12:00   063651985c33c3f6ea12421fbef20df3
templates/customers/login.liquid:
  development: 2018-08-16T13:01:34+12:00   782dd99760f8e10e080891cc3e52e699
templates/customers/order.liquid:
  development: 2018-08-16T13:01:34+12:00   e3ac4ccc0a058d0f400621952f6b436f
templates/customers/register.liquid:
  development: 2018-08-16T13:01:34+12:00   795128405c3205d29fc5b5a02e9334d9
templates/customers/reset_password.liquid:
  development: 2018-08-16T13:01:34+12:00   a102e1e3fed0dc2d8752dd1cbe46f648
templates/gift_card.liquid:
  development: 2018-08-16T13:01:34+12:00   0b61a3f5a57de341cef906d1ac780227
templates/index.liquid:
  development: 2018-08-16T13:01:34+12:00   f928d6eada4f0a3d891309421f31f99f
templates/list-collections.liquid:
  development: 2018-08-16T13:01:34+12:00   d817dc316232c935e0d6cccb15052b17
templates/page.contact.liquid:
  development: 2018-08-16T13:01:34+12:00   7447b9ac4613371ab33ac83b75a521dc
templates/page.liquid:
  development: 2018-08-18T17:44:23+12:00   81fa73638cc446aa7b2875ee8f0c64f1
templates/page.order-form.liquid:
  development: 2018-08-18T17:44:24+12:00   c009e84ad48f7321017bb2a430e8802e
templates/password.liquid:
  development: 2018-08-16T13:01:35+12:00   e499bcf8175b9db9b3a0933ba9f3ed3a
templates/product.has-options.liquid:
  development: 2018-08-17T05:49:33+12:00   0023229b86c6202036743389f34f7f32
templates/product.liquid:
  development: 2018-08-18T17:39:43+12:00   820c94ce0eb8a5710568ccf05902ba17
templates/search.json.liquid:
  development: 2018-08-17T16:42:58+12:00   75d576584c1287eb9a3d4af8997d74da
templates/search.liquid:
  development: 2018-08-16T13:01:35+12:00   f44fa003f48ebfc104ab0937b80b3a84
